
Microsoft Visual Studio Solution File, Format Version 12.00
# Visual Studio Version 16
VisualStudioVersion = 16.0.30621.155
MinimumVisualStudioVersion = 10.0.40219.1
Project("{FAE04EC0-301F-11D3-BF4B-00C04F79EFBC}") = "Employees", "Employees.csproj", "{700130A2-DFCF-4C50-ACD2-84406C9303E1}"
EndProject
Global
	GlobalSection(SolutionConfigurationPlatforms) = preSolution
		Debug|Any CPU = Debug|Any CPU
		Release|Any CPU = Release|Any CPU
	EndGlobalSection
	GlobalSection(ProjectConfigurationPlatforms) = postSolution
		{700130A2-DFCF-4C50-ACD2-84406C9303E1}.Debug|Any CPU.ActiveCfg = Debug|Any CPU
		{700130A2-DFCF-4C50-ACD2-84406C9303E1}.Debug|Any CPU.Build.0 = Debug|Any CPU
		{700130A2-DFCF-4C50-ACD2-84406C9303E1}.Release|Any CPU.ActiveCfg = Release|Any CPU
		{700130A2-DFCF-4C50-ACD2-84406C9303E1}.Release|Any CPU.Build.0 = Release|Any CPU
	EndGlobalSection
	GlobalSection(SolutionProperties) = preSolution
		HideSolutionNode = FALSE
	EndGlobalSection
	GlobalSection(ExtensibilityGlobals) = postSolution
		SolutionGuid = {303598FE-1628-4869-8296-8ADFAA9BD015}
	EndGlobalSection
EndGlobal
